{
  "name": "VisualTraceroute",
  "version": "1.0.0",
  "lockfileVersion": 2,
  "requires": true,
  "packages": {
    "": {
      "version": "1.0.0",
      "license": "ISC",
      "dependencies": {
        "async-limiter": "^1.0.0",
        "nodejs-traceroute": "^1.1.1",
        "validator": "^5.7.0",
        "ws": "^6.1.2"
      },
      "devDependencies": {}
    },
    "node_modules/async-limiter": {
      "version": "1.0.1",
      "resolved": "https://registry.npmjs.org/async-limiter/-/async-limiter-1.0.1.tgz",
      "integrity": "sha512-csOlWGAcRFJaI6m+F2WKdnMKr4HhdhFVBk0H/QbJFMCr+uO2kwohwXQPxw/9OCxp05r5ghVBFSyioixx3gfkNQ=="
    },
    "node_modules/nodejs-traceroute": {
      "version": "1.2.0",
      "resolved": "https://registry.npmjs.org/nodejs-traceroute/-/nodejs-traceroute-1.2.0.tgz",
      "integrity": "sha512-mrhJf8Ulum2+OOie9zz7gXT6b2Wrjsll2Bo/yBXDBziEYHm3mZdtRMQtD9Hoj0BLHIRdMYrzL+flmkyZwaFgBg==",
      "dependencies": {
        "validator": "^12.2.0"
      }
    },
    "node_modules/nodejs-traceroute/node_modules/validator": {
      "version": "12.2.0",
      "resolved": "https://registry.npmjs.org/validator/-/validator-12.2.0.tgz",
      "integrity": "sha512-jJfE/DW6tIK1Ek8nCfNFqt8Wb3nzMoAbocBF6/Icgg1ZFSBpObdnwVY2jQj6qUqzhx5jc71fpvBWyLGO7Xl+nQ==",
      "engines": {
        "node": ">= 0.10"
      }
    },
    "node_modules/validator": {
      "version": "5.7.0",
      "resolved": "https://registry.npmjs.org/validator/-/validator-5.7.0.tgz",
      "integrity": "sha1-eoelgUa2laxIYHEUHAxJ1n2gXlw=",
      "engines": {
        "node": ">= 0.10"
      }
    },
    "node_modules/ws": {
      "version": "6.2.1",
      "resolved": "https://registry.npmjs.org/ws/-/ws-6.2.1.tgz",
      "integrity": "sha512-GIyAXC2cB7LjvpgMt9EKS2ldqr0MTrORaleiOno6TweZ6r3TKtoFQWay/2PceJ3RuBasOHzXNn5Lrw1X0bEjqA==",
      "dependencies": {
        "async-limiter": "~1.0.0"
      }
    }
  },
  "dependencies": {
    "async-limiter": {
      "version": "1.0.1",
      "resolved": "https://registry.npmjs.org/async-limiter/-/async-limiter-1.0.1.tgz",
      "integrity": "sha512-csOlWGAcRFJaI6m+F2WKdnMKr4HhdhFVBk0H/QbJFMCr+uO2kwohwXQPxw/9OCxp05r5ghVBFSyioixx3gfkNQ=="
    },
    "nodejs-traceroute": {
      "version": "1.2.0",
      "resolved": "https://registry.npmjs.org/nodejs-traceroute/-/nodejs-traceroute-1.2.0.tgz",
      "integrity": "sha512-mrhJf8Ulum2+OOie9zz7gXT6b2Wrjsll2Bo/yBXDBziEYHm3mZdtRMQtD9Hoj0BLHIRdMYrzL+flmkyZwaFgBg==",
      "requires": {
        "validator": "^12.2.0"
      },
      "dependencies": {
        "validator": {
          "version": "12.2.0",
          "resolved": "https://registry.npmjs.org/validator/-/validator-12.2.0.tgz",
          "integrity": "sha512-jJfE/DW6tIK1Ek8nCfNFqt8Wb3nzMoAbocBF6/Icgg1ZFSBpObdnwVY2jQj6qUqzhx5jc71fpvBWyLGO7Xl+nQ=="
        }
      }
    },
    "validator": {
      "version": "5.7.0",
      "resolved": "https://registry.npmjs.org/validator/-/validator-5.7.0.tgz",
      "integrity": "sha1-eoelgUa2laxIYHEUHAxJ1n2gXlw="
    },
    "ws": {
      "version": "6.2.1",
      "resolved": "https://registry.npmjs.org/ws/-/ws-6.2.1.tgz",
      "integrity": "sha512-GIyAXC2cB7LjvpgMt9EKS2ldqr0MTrORaleiOno6TweZ6r3TKtoFQWay/2PceJ3RuBasOHzXNn5Lrw1X0bEjqA==",
      "requires": {
        "async-limiter": "~1.0.0"
      }
    }
  }
}
